// !$*UTF8*$!
{
	archiveVersion = 1;
	classes = {
	};
	objectVersion = 46;
	objects = {

/* Begin PBXBuildFile section */
		497F40F51C59EB3000F0A099 /* DemoGif.gif in Resources */ = {isa = PBXBuildFile; fileRef = 497F40F21C59EB3000F0A099 /* DemoGif.gif */; };
		497F40F61C59EB3000F0A099 /* rightArrow@2x.png in Resources */ = {isa = PBXBuildFile; fileRef = 497F40F31C59EB3000F0A099 /* rightArrow@2x.png */; };
		497F40F71C59EB3000F0A099 /* rightArrow@3x.png in Resources */ = {isa = PBXBuildFile; fileRef = 497F40F41C59EB3000F0A099 /* rightArrow@3x.png */; };
		497F40F91C59EB4E00F0A099 /* DataList.plist in Resources */ = {isa = PBXBuildFile; fileRef = 497F40F81C59EB4E00F0A099 /* DataList.plist */; };
		5E7015961C4399150028CB88 /* main.m in Sources */ = {isa = PBXBuildFile; fileRef = 5E7015951C4399150028CB88 /* main.m */; };
		5E7015991C4399150028CB88 /* AppDelegate.m in Sources */ = {isa = PBXBuildFile; fileRef = 5E7015981C4399150028CB88 /* AppDelegate.m */; };
		5E70159C1C4399150028CB88 /* ViewController.m in Sources */ = {isa = PBXBuildFile; fileRef = 5E70159B1C4399150028CB88 /* ViewController.m */; };
		5E70159F1C4399150028CB88 /* Main.storyboard in Resources */ = {isa = PBXBuildFile; fileRef = 5E70159D1C4399150028CB88 /* Main.storyboard */; };
		5E7015A11C4399150028CB88 /* Assets.xcassets in Resources */ = {isa = PBXBuildFile; fileRef = 5E7015A01C4399150028CB88 /* Assets.xcassets */; };
		5E7015A41C4399150028CB88 /* LaunchScreen.storyboard in Resources */ = {isa = PBXBuildFile; fileRef = 5E7015A21C4399150028CB88 /* LaunchScreen.storyboard */; };
		5E7015AF1C4399150028CB88 /* DSCFoldTableViewDemoTests.m in Sources */ = {isa = PBXBuildFile; fileRef = 5E7015AE1C4399150028CB88 /* DSCFoldTableViewDemoTests.m */; };
		5E7015BA1C4399150028CB88 /* DSCFoldTableViewDemoUITests.m in Sources */ = {isa = PBXBuildFile; fileRef = 5E7015B91C4399150028CB88 /* DSCFoldTableViewDemoUITests.m */; };
		5EAB27D51C44941000320D55 /* FolderHeaderView.m in Sources */ = {isa = PBXBuildFile; fileRef = 5EAB27D41C44941000320D55 /* FolderHeaderView.m */; };
		5EAB27D71C44941E00320D55 /* FolderHeaderView.xib in Resources */ = {isa = PBXBuildFile; fileRef = 5EAB27D61C44941E00320D55 /* FolderHeaderView.xib */; };
/* End PBXBuildFile section */

/* Begin PBXContainerItemProxy section */
		5E7015AB1C4399150028CB88 /* PBXContainerItemProxy */ = {
			isa = PBXContainerItemProxy;
			containerPortal = 5E7015891C4399140028CB88 /* Project object */;
			proxyType = 1;
			remoteGlobalIDString = 5E7015901C4399140028CB88;
			remoteInfo = DSCFoldTableViewDemo;
		};
		5E7015B61C4399150028CB88 /* PBXContainerItemProxy */ = {
			isa = PBXContainerItemProxy;
			containerPortal = 5E7015891C4399140028CB88 /* Project object */;
			proxyType = 1;
			remoteGlobalIDString = 5E7015901C4399140028CB88;
			remoteInfo = DSCFoldTableViewDemo;
		};
/* End PBXContainerItemProxy section */

/* Begin PBXFileReference section */
		497F40F21C59EB3000F0A099 /* DemoGif.gif */ = {isa = PBXFileReference; lastKnownFileType = image.gif; path = DemoGif.gif; sourceTree = "<group>"; };
		497F40F31C59EB3000F0A099 /* rightArrow@2x.png */ = {isa = PBXFileReference; lastKnownFileType = image.png; path = "rightArrow@2x.png"; sourceTree = "<group>"; };
		497F40F41C59EB3000F0A099 /* rightArrow@3x.png */ = {isa = PBXFileReference; lastKnownFileType = image.png; path = "rightArrow@3x.png"; sourceTree = "<group>"; };
		497F40F81C59EB4E00F0A099 /* DataList.plist */ = {isa = PBXFileReference; fileEncoding = 4; lastKnownFileType = text.plist.xml; path = DataList.plist; sourceTree = "<group>"; };
		5E7015911C4399140028CB88 /* DSCFoldTableViewDemo.app */ = {isa = PBXFileReference; explicitFileType = wrapper.application; includeInIndex = 0; path = DSCFoldTableViewDemo.app; sourceTree = BUILT_PRODUCTS_DIR; };
		5E7015951C4399150028CB88 /* main.m */ = {isa = PBXFileReference; lastKnownFileType = sourcecode.c.objc; path = main.m; sourceTree = "<group>"; };
		5E7015971C4399150028CB88 /* AppDelegate.h */ = {isa = PBXFileReference; lastKnownFileType = sourcecode.c.h; path = AppDelegate.h; sourceTree = "<group>"; };
		5E7015981C4399150028CB88 /* AppDelegate.m */ = {isa = PBXFileReference; lastKnownFileType = sourcecode.c.objc; path = AppDelegate.m; sourceTree = "<group>"; };
		5E70159A1C4399150028CB88 /* ViewController.h */ = {isa = PBXFileReference; lastKnownFileType = sourcecode.c.h; path = ViewController.h; sourceTree = "<group>"; };
		5E70159B1C4399150028CB88 /* ViewController.m */ = {isa = PBXFileReference; lastKnownFileType = sourcecode.c.objc; path = ViewController.m; sourceTree = "<group>"; };
		5E70159E1C4399150028CB88 /* Base */ = {isa = PBXFileReference; lastKnownFileType = file.storyboard; name = Base; path = Base.lproj/Main.storyboard; sourceTree = "<group>"; };
		5E7015A01C4399150028CB88 /* Assets.xcassets */ = {isa = PBXFileReference; lastKnownFileType = folder.assetcatalog; path = Assets.xcassets; sourceTree = "<group>"; };
		5E7015A31C4399150028CB88 /* Base */ = {isa = PBXFileReference; lastKnownFileType = file.storyboard; name = Base; path = Base.lproj/LaunchScreen.storyboard; sourceTree = "<group>"; };
		5E7015A51C4399150028CB88 /* Info.plist */ = {isa = PBXFileReference; lastKnownFileType = text.plist.xml; path = Info.plist; sourceTree = "<group>"; };
		5E7015AA1C4399150028CB88 /* DSCFoldTableViewDemoTests.xctest */ = {isa = PBXFileReference; explicitFileType = wrapper.cfbundle; includeInIndex = 0; path = DSCFoldTableViewDemoTests.xctest; sourceTree = BUILT_PRODUCTS_DIR; };
		5E7015AE1C4399150028CB88 /* DSCFoldTableViewDemoTests.m */ = {isa = PBXFileReference; lastKnownFileType = sourcecode.c.objc; path = DSCFoldTableViewDemoTests.m; sourceTree = "<group>"; };
		5E7015B01C4399150028CB88 /* Info.plist */ = {isa = PBXFileReference; lastKnownFileType = text.plist.xml; path = Info.plist; sourceTree = "<group>"; };
		5E7015B51C4399150028CB88 /* DSCFoldTableViewDemoUITests.xctest */ = {isa = PBXFileReference; explicitFileType = wrapper.cfbundle; includeInIndex = 0; path = DSCFoldTableViewDemoUITests.xctest; sourceTree = BUILT_PRODUCTS_DIR; };
		5E7015B91C4399150028CB88 /* DSCFoldTableViewDemoUITests.m */ = {isa = PBXFileReference; lastKnownFileType = sourcecode.c.objc; path = DSCFoldTableViewDemoUITests.m; sourceTree = "<group>"; };
		5E7015BB1C4399150028CB88 /* Info.plist */ = {isa = PBXFileReference; lastKnownFileType = text.plist.xml; path = Info.plist; sourceTree = "<group>"; };
		5EAB27D31C44941000320D55 /* FolderHeaderView.h */ = {isa = PBXFileReference; fileEncoding = 4; lastKnownFileType = sourcecode.c.h; path = FolderHeaderView.h; sourceTree = "<group>"; };
		5EAB27D41C44941000320D55 /* FolderHeaderView.m */ = {isa = PBXFileReference; fileEncoding = 4; lastKnownFileType = sourcecode.c.objc; path = FolderHeaderView.m; sourceTree = "<group>"; };
		5EAB27D61C44941E00320D55 /* FolderHeaderView.xib */ = {isa = PBXFileReference; fileEncoding = 4; lastKnownFileType = file.xib; path = FolderHeaderView.xib; sourceTree = "<group>"; };
/* End PBXFileReference section */

/* Begin PBXFrameworksBuildPhase section */
		5E70158E1C4399140028CB88 /* Frameworks */ = {
			isa = PBXFrameworksBuildPhase;
			buildActionMask = 2147483647;
			files = (
			);
			runOnlyForDeploymentPostprocessing = 0;
		};
		5E7015A71C4399150028CB88 /* Frameworks */ = {
			isa = PBXFrameworksBuildPhase;
			buildActionMask = 2147483647;
			files = (
			);
			runOnlyForDeploymentPostprocessing = 0;
		};
		5E7015B21C4399150028CB88 /* Frameworks */ = {
			isa = PBXFrameworksBuildPhase;
			buildActionMask = 2147483647;
			files = (
			);
			runOnlyForDeploymentPostprocessing = 0;
		};
/* End PBXFrameworksBuildPhase section */

/* Begin PBXGroup section */
		497F40F11C59EB3000F0A099 /* Resource */ = {
			isa = PBXGroup;
			children = (
				497F40F81C59EB4E00F0A099 /* DataList.plist */,
				497F40F21C59EB3000F0A099 /* DemoGif.gif */,
				497F40F31C59EB3000F0A099 /* rightArrow@2x.png */,
				497F40F41C59EB3000F0A099 /* rightArrow@3x.png */,
			);
			path = Resource;
			sourceTree = "<group>";
		};
		5E7015881C4399140028CB88 = {
			isa = PBXGroup;
			children = (
				5E7015931C4399150028CB88 /* DSCFoldTableViewDemo */,
				5E7015AD1C4399150028CB88 /* DSCFoldTableViewDemoTests */,
				5E7015B81C4399150028CB88 /* DSCFoldTableViewDemoUITests */,
				5E7015921C4399140028CB88 /* Products */,
			);
			sourceTree = "<group>";
		};
		5E7015921C4399140028CB88 /* Products */ = {
			isa = PBXGroup;
			children = (
				5E7015911C4399140028CB88 /* DSCFoldTableViewDemo.app */,
				5E7015AA1C4399150028CB88 /* DSCFoldTableViewDemoTests.xctest */,
				5E7015B51C4399150028CB88 /* DSCFoldTableViewDemoUITests.xctest */,
			);
			name = Products;
			sourceTree = "<group>";
		};
		5E7015931C4399150028CB88 /* DSCFoldTableViewDemo */ = {
			isa = PBXGroup;
			children = (
				497F40F11C59EB3000F0A099 /* Resource */,
				5E7015971C4399150028CB88 /* AppDelegate.h */,
				5E7015981C4399150028CB88 /* AppDelegate.m */,
				5E70159A1C4399150028CB88 /* ViewController.h */,
				5E70159B1C4399150028CB88 /* ViewController.m */,
				5EAB27D31C44941000320D55 /* FolderHeaderView.h */,
				5EAB27D41C44941000320D55 /* FolderHeaderView.m */,
				5EAB27D61C44941E00320D55 /* FolderHeaderView.xib */,
				5E70159D1C4399150028CB88 /* Main.storyboard */,
				5E7015A01C4399150028CB88 /* Assets.xcassets */,
				5E7015A21C4399150028CB88 /* LaunchScreen.storyboard */,
				5E7015A51C4399150028CB88 /* Info.plist */,
				5E7015941C4399150028CB88 /* Supporting Files */,
			);
			path = DSCFoldTableViewDemo;
			sourceTree = "<group>";
		};
		5E7015941C4399150028CB88 /* Supporting Files */ = {
			isa = PBXGroup;
			children = (
				5E7015951C4399150028CB88 /* main.m */,
			);
			name = "Supporting Files";
			sourceTree = "<group>";
		};
		5E7015AD1C4399150028CB88 /* DSCFoldTableViewDemoTests */ = {
			isa = PBXGroup;
			children = (
				5E7015AE1C4399150028CB88 /* DSCFoldTableViewDemoTests.m */,
				5E7015B01C4399150028CB88 /* Info.plist */,
			);
			path = DSCFoldTableViewDemoTests;
			sourceTree = "<group>";
		};
		5E7015B81C4399150028CB88 /* DSCFoldTableViewDemoUITests */ = {
			isa = PBXGroup;
			children = (
				5E7015B91C4399150028CB88 /* DSCFoldTableViewDemoUITests.m */,
				5E7015BB1C4399150028CB88 /* Info.plist */,
			);
			path = DSCFoldTableViewDemoUITests;
			sourceTree = "<group>";
		};
/* End PBXGroup section */

/* Begin PBXNativeTarget section */
		5E7015901C4399140028CB88 /* DSCFoldTableViewDemo */ = {
			isa = PBXNativeTarget;
			buildConfigurationList = 5E7015BE1C4399150028CB88 /* Build configuration list for PBXNativeTarget "DSCFoldTableViewDemo" */;
			buildPhases = (
				5E70158D1C4399140028CB88 /* Sources */,
				5E70158E1C4399140028CB88 /* Frameworks */,
				5E70158F1C4399140028CB88 /* Resources */,
			);
			buildRules = (
			);
			dependencies = (
			);
			name = DSCFoldTableViewDemo;
			productName = DSCFoldTableViewDemo;
			productReference = 5E7015911C4399140028CB88 /* DSCFoldTableViewDemo.app */;
			productType = "com.apple.product-type.application";
		};
		5E7015A91C4399150028CB88 /* DSCFoldTableViewDemoTests */ = {
			isa = PBXNativeTarget;
			buildConfigurationList = 5E7015C11C4399150028CB88 /* Build configuration list for PBXNativeTarget "DSCFoldTableViewDemoTests" */;
			buildPhases = (
				5E7015A61C4399150028CB88 /* Sources */,
				5E7015A71C4399150028CB88 /* Frameworks */,
				5E7015A81C4399150028CB88 /* Resources */,
			);
			buildRules = (
			);
			dependencies = (
				5E7015AC1C4399150028CB88 /* PBXTargetDependency */,
			);
			name = DSCFoldTableViewDemoTests;
			productName = DSCFoldTableViewDemoTests;
			productReference = 5E7015AA1C4399150028CB88 /* DSCFoldTableViewDemoTests.xctest */;
			productType = "com.apple.product-type.bundle.unit-test";
		};
		5E7015B41C4399150028CB88 /* DSCFoldTableViewDemoUITests */ = {
			isa = PBXNativeTarget;
			buildConfigurationList = 5E7015C41C4399150028CB88 /* Build configuration list for PBXNativeTarget "DSCFoldTableViewDemoUITests" */;
			buildPhases = (
				5E7015B11C4399150028CB88 /* Sources */,
				5E7015B21C4399150028CB88 /* Frameworks */,
				5E7015B31C4399150028CB88 /* Resources */,
			);
			buildRules = (
			);
			dependencies = (
				5E7015B71C4399150028CB88 /* PBXTargetDependency */,
			);
			name = DSCFoldTableViewDemoUITests;
			productName = DSCFoldTableViewDemoUITests;
			productReference = 5E7015B51C4399150028CB88 /* DSCFoldTableViewDemoUITests.xctest */;
			productType = "com.apple.product-type.bundle.ui-testing";
		};
/* End PBXNativeTarget section */

/* Begin PBXProject section */
		5E7015891C4399140028CB88 /* Project object */ = {
			isa = PBXProject;
			attributes = {
				LastUpgradeCheck = 0720;
				ORGANIZATIONNAME = "Shaochong Du";
				TargetAttributes = {
					5E7015901C4399140028CB88 = {
						CreatedOnToolsVersion = 7.2;
						DevelopmentTeam = LYMMY2WXUR;
					};
					5E7015A91C4399150028CB88 = {
						CreatedOnToolsVersion = 7.2;
						DevelopmentTeam = LYMMY2WXUR;
						TestTargetID = 5E7015901C4399140028CB88;
					};
					5E7015B41C4399150028CB88 = {
						CreatedOnToolsVersion = 7.2;
						DevelopmentTeam = LYMMY2WXUR;
						TestTargetID = 5E7015901C4399140028CB88;
					};
				};
			};
			buildConfigurationList = 5E70158C1C4399140028CB88 /* Build configuration list for PBXProject "DSCFoldTableViewDemo" */;
			compatibilityVersion = "Xcode 3.2";
			developmentRegion = English;
			hasScannedForEncodings = 0;
			knownRegions = (
				en,
				Base,
			);
			mainGroup = 5E7015881C4399140028CB88;
			productRefGroup = 5E7015921C4399140028CB88 /* Products */;
			projectDirPath = "";
			projectRoot = "";
			targets = (
				5E7015901C4399140028CB88 /* DSCFoldTableViewDemo */,
				5E7015A91C4399150028CB88 /* DSCFoldTableViewDemoTests */,
				5E7015B41C4399150028CB88 /* DSCFoldTableViewDemoUITests */,
			);
		};
/* End PBXProject section */

/* Begin PBXResourcesBuildPhase section */
		5E70158F1C4399140028CB88 /* Resources */ = {
			isa = PBXResourcesBuildPhase;
			buildActionMask = 2147483647;
			files = (
				5E7015A41C4399150028CB88 /* LaunchScreen.storyboard in Resources */,
				497F40F71C59EB3000F0A099 /* rightArrow@3x.png in Resources */,
				497F40F51C59EB3000F0A099 /* DemoGif.gif in Resources */,
				5EAB27D71C44941E00320D55 /* FolderHeaderView.xib in Resources */,
				497F40F61C59EB3000F0A099 /* rightArrow@2x.png in Resources */,
				5E7015A11C4399150028CB88 /* Assets.xcassets in Resources */,
				5E70159F1C4399150028CB88 /* Main.storyboard in Resources */,
				497F40F91C59EB4E00F0A099 /* DataList.plist in Resources */,
			);
			runOnlyForDeploymentPostprocessing = 0;
		};
		5E7015A81C4399150028CB88 /* Resources */ = {
			isa = PBXResourcesBuildPhase;
			buildActionMask = 2147483647;
			files = (
			);
			runOnlyForDeploymentPostprocessing = 0;
		};
		5E7015B31C4399150028CB88 /* Resources */ = {
			isa = PBXResourcesBuildPhase;
			buildActionMask = 2147483647;
			files = (
			);
			runOnlyForDeploymentPostprocessing = 0;
		};
/* End PBXResourcesBuildPhase section */

/* Begin PBXSourcesBuildPhase section */
		5E70158D1C4399140028CB88 /* Sources */ = {
			isa = PBXSourcesBuildPhase;
			buildActionMask = 2147483647;
			files = (
				5E70159C1C4399150028CB88 /* ViewController.m in Sources */,
				5EAB27D51C44941000320D55 /* FolderHeaderView.m in Sources */,
				5E7015991C4399150028CB88 /* AppDelegate.m in Sources */,
				5E7015961C4399150028CB88 /* main.m in Sources */,
			);
			runOnlyForDeploymentPostprocessing = 0;
		};
		5E7015A61C4399150028CB88 /* Sources */ = {
			isa = PBXSourcesBuildPhase;
			buildActionMask = 2147483647;
			files = (
				5E7015AF1C4399150028CB88 /* DSCFoldTableViewDemoTests.m in Sources */,
			);
			runOnlyForDeploymentPostprocessing = 0;
		};
		5E7015B11C4399150028CB88 /* Sources */ = {
			isa = PBXSourcesBuildPhase;
			buildActionMask = 2147483647;
			files = (
				5E7015BA1C4399150028CB88 /* DSCFoldTableViewDemoUITests.m in Sources */,
			);
			runOnlyForDeploymentPostprocessing = 0;
		};
/* End PBXSourcesBuildPhase section */

/* Begin PBXTargetDependency section */
		5E7015AC1C4399150028CB88 /* PBXTargetDependency */ = {
			isa = PBXTargetDependency;
			target = 5E7015901C4399140028CB88 /* DSCFoldTableViewDemo */;
			targetProxy = 5E7015AB1C4399150028CB88 /* PBXContainerItemProxy */;
		};
		5E7015B71C4399150028CB88 /* PBXTargetDependency */ = {
			isa = PBXTargetDependency;
			target = 5E7015901C4399140028CB88 /* DSCFoldTableViewDemo */;
			targetProxy = 5E7015B61C4399150028CB88 /* PBXContainerItemProxy */;
		};
/* End PBXTargetDependency section */

/* Begin PBXVariantGroup section */
		5E70159D1C4399150028CB88 /* Main.storyboard */ = {
			isa = PBXVariantGroup;
			children = (
				5E70159E1C4399150028CB88 /* Base */,
			);
			name = Main.storyboard;
			sourceTree = "<group>";
		};
		5E7015A21C4399150028CB88 /* LaunchScreen.storyboard */ = {
			isa = PBXVariantGroup;
			children = (
				5E7015A31C4399150028CB88 /* Base */,
			);
			name = LaunchScreen.storyboard;
			sourceTree = "<group>";
		};
/* End PBXVariantGroup section */

/* Begin XCBuildConfiguration section */
		5E7015BC1C4399150028CB88 /* Debug */ = {
			isa = XCBuildConfiguration;
			buildSettings = {
				ALWAYS_SEARCH_USER_PATHS = NO;
				CLANG_CXX_LANGUAGE_STANDARD = "gnu++0x";
				CLANG_CXX_LIBRARY = "libc++";
				CLANG_ENABLE_MODULES = YES;
				CLANG_ENABLE_OBJC_ARC = YES;
				CLANG_WARN_BOOL_CONVERSION = YES;
				CLANG_WARN_CONSTANT_CONVERSION = YES;
				CLANG_WARN_DIRECT_OBJC_ISA_USAGE = YES_ERROR;
				CLANG_WARN_EMPTY_BODY = YES;
				CLANG_WARN_ENUM_CONVERSION = YES;
				CLANG_WARN_INT_CONVERSION = YES;
				CLANG_WARN_OBJC_ROOT_CLASS = YES_ERROR;
				CLANG_WARN_UNREACHABLE_CODE = YES;
				CLANG_WARN__DUPLICATE_METHOD_MATCH = YES;
				"CODE_SIGN_IDENTITY[sdk=iphoneos*]" = "iPhone Developer";
				COPY_PHASE_STRIP = NO;
				DEBUG_INFORMATION_FORMAT = dwarf;
				ENABLE_STRICT_OBJC_MSGSEND = YES;
				ENABLE_TESTABILITY = YES;
				GCC_C_LANGUAGE_STANDARD = gnu99;
				GCC_DYNAMIC_NO_PIC = NO;
				GCC_NO_COMMON_BLOCKS = YES;
				GCC_OPTIMIZATION_LEVEL = 0;
				GCC_PREPROCESSOR_DEFINITIONS = (
					"DEBUG=1",
					"$(inherited)",
				);
				GCC_WARN_64_TO_32_BIT_CONVERSION = YES;
				GCC_WARN_ABOUT_RETURN_TYPE = YES_ERROR;
				GCC_WARN_UNDECLARED_SELECTOR = YES;
				GCC_WARN_UNINITIALIZED_AUTOS = YES_AGGRESSIVE;
				GCC_WARN_UNUSED_FUNCTION = YES;
				GCC_WARN_UNUSED_VARIABLE = YES;
				IPHONEOS_DEPLOYMENT_TARGET = 9.2;
				MTL_ENABLE_DEBUG_INFO = YES;
				ONLY_ACTIVE_ARCH = YES;
				SDKROOT = iphoneos;
				TARGETED_DEVICE_FAMILY = "1,2";
			};
			name = Debug;
		};
		5E7015BD1C4399150028CB88 /* Release */ = {
			isa = XCBuildConfiguration;
			buildSettings = {
				ALWAYS_SEARCH_USER_PATHS = NO;
				CLANG_CXX_LANGUAGE_STANDARD = "gnu++0x";
				CLANG_CXX_LIBRARY = "libc++";
				CLANG_ENABLE_MODULES = YES;
				CLANG_ENABLE_OBJC_ARC = YES;
				CLANG_WARN_BOOL_CONVERSION = YES;
				CLANG_WARN_CONSTANT_CONVERSION = YES;
				CLANG_WARN_DIRECT_OBJC_ISA_USAGE = YES_ERROR;
				CLANG_WARN_EMPTY_BODY = YES;
				CLANG_WARN_ENUM_CONVERSION = YES;
				CLANG_WARN_INT_CONVERSION = YES;
				CLANG_WARN_OBJC_ROOT_CLASS = YES_ERROR;
				CLANG_WARN_UNREACHABLE_CODE = YES;
				CLANG_WARN__DUPLICATE_METHOD_MATCH = YES;
				"CODE_SIGN_IDENTITY[sdk=iphoneos*]" = "iPhone Developer";
				COPY_PHASE_STRIP = NO;
				DEBUG_INFORMATION_FORMAT = "dwarf-with-dsym";
				ENABLE_NS_ASSERTIONS = NO;
				ENABLE_STRICT_OBJC_MSGSEND = YES;
				GCC_C_LANGUAGE_STANDARD = gnu99;
				GCC_NO_COMMON_BLOCKS = YES;
				GCC_WARN_64_TO_32_BIT_CONVERSION = YES;
				GCC_WARN_ABOUT_RETURN_TYPE = YES_ERROR;
				GCC_WARN_UNDECLARED_SELECTOR = YES;
				GCC_WARN_UNINITIALIZED_AUTOS = YES_AGGRESSIVE;
				GCC_WARN_UNUSED_FUNCTION = YES;
				GCC_WARN_UNUSED_VARIABLE = YES;
				IPHONEOS_DEPLOYMENT_TARGET = 9.2;
				MTL_ENABLE_DEBUG_INFO = NO;
				SDKROOT = iphoneos;
				TARGETED_DEVICE_FAMILY = "1,2";
				VALIDATE_PRODUCT = YES;
			};
			name = Release;
		};
		5E7015BF1C4399150028CB88 /* Debug */ = {
			isa = XCBuildConfiguration;
			buildSettings = {
				ASSETCATALOG_COMPILER_APPICON_NAME = AppIcon;
				INFOPLIST_FILE = DSCFoldTableViewDemo/Info.plist;
				LD_RUNPATH_SEARCH_PATHS = "$(inherited) @executable_path/Frameworks";
				PRODUCT_BUNDLE_IDENTIFIER = com.caxa.DSCFoldTableViewDemo;
				PRODUCT_NAME = "$(TARGET_NAME)";
			};
			name = Debug;
		};
		5E7015C01C4399150028CB88 /* Release */ = {
			isa = XCBuildConfiguration;
			buildSettings = {
				ASSETCATALOG_COMPILER_APPICON_NAME = AppIcon;
				INFOPLIST_FILE = DSCFoldTableViewDemo/Info.plist;
				LD_RUNPATH_SEARCH_PATHS = "$(inherited) @executable_path/Frameworks";
				PRODUCT_BUNDLE_IDENTIFIER = com.caxa.DSCFoldTableViewDemo;
				PRODUCT_NAME = "$(TARGET_NAME)";
			};
			name = Release;
		};
		5E7015C21C4399150028CB88 /* Debug */ = {
			isa = XCBuildConfiguration;
			buildSettings = {
				BUNDLE_LOADER = "$(TEST_HOST)";
				INFOPLIST_FILE = DSCFoldTableViewDemoTests/Info.plist;
				LD_RUNPATH_SEARCH_PATHS = "$(inherited) @executable_path/Frameworks @loader_path/Frameworks";
				PRODUCT_BUNDLE_IDENTIFIER = com.caxa.DSCFoldTableViewDemoTests;
				PRODUCT_NAME = "$(TARGET_NAME)";
				TEST_HOST = "$(BUILT_PRODUCTS_DIR)/DSCFoldTableViewDemo.app/DSCFoldTableViewDemo";
			};
			name = Debug;
		};
		5E7015C31C4399150028CB88 /* Release */ = {
			isa = XCBuildConfiguration;
			buildSettings = {
				BUNDLE_LOADER = "$(TEST_HOST)";
				INFOPLIST_FILE = DSCFoldTableViewDemoTests/Info.plist;
				LD_RUNPATH_SEARCH_PATHS = "$(inherited) @executable_path/Frameworks @loader_path/Frameworks";
				PRODUCT_BUNDLE_IDENTIFIER = com.caxa.DSCFoldTableViewDemoTests;
				PRODUCT_NAME = "$(TARGET_NAME)";
				TEST_HOST = "$(BUILT_PRODUCTS_DIR)/DSCFoldTableViewDemo.app/DSCFoldTableViewDemo";
			};
			name = Release;
		};
		5E7015C51C4399150028CB88 /* Debug */ = {
			isa = XCBuildConfiguration;
			buildSettings = {
				INFOPLIST_FILE = DSCFoldTableViewDemoUITests/Info.plist;
				LD_RUNPATH_SEARCH_PATHS = "$(inherited) @executable_path/Frameworks @loader_path/Frameworks";
				PRODUCT_BUNDLE_IDENTIFIER = com.caxa.DSCFoldTableViewDemoUITests;
				PRODUCT_NAME = "$(TARGET_NAME)";
				TEST_TARGET_NAME = DSCFoldTableViewDemo;
				USES_XCTRUNNER = YES;
			};
			name = Debug;
		};
		5E7015C61C4399150028CB88 /* Release */ = {
			isa = XCBuildConfiguration;
			buildSettings = {
				INFOPLIST_FILE = DSCFoldTableViewDemoUITests/Info.plist;
				LD_RUNPATH_SEARCH_PATHS = "$(inherited) @executable_path/Frameworks @loader_path/Frameworks";
				PRODUCT_BUNDLE_IDENTIFIER = com.caxa.DSCFoldTableViewDemoUITests;
				PRODUCT_NAME = "$(TARGET_NAME)";
				TEST_TARGET_NAME = DSCFoldTableViewDemo;
				USES_XCTRUNNER = YES;
			};
			name = Release;
		};
/* End XCBuildConfiguration section */

/* Begin XCConfigurationList section */
		5E70158C1C4399140028CB88 /* Build configuration list for PBXProject "DSCFoldTableViewDemo" */ = {
			isa = XCConfigurationList;
			buildConfigurations = (
				5E7015BC1C4399150028CB88 /* Debug */,
				5E7015BD1C4399150028CB88 /* Release */,
			);
			defaultConfigurationIsVisible = 0;
			defaultConfigurationName = Release;
		};
		5E7015BE1C4399150028CB88 /* Build configuration list for PBXNativeTarget "DSCFoldTableViewDemo" */ = {
			isa = XCConfigurationList;
			buildConfigurations = (
				5E7015BF1C4399150028CB88 /* Debug */,
				5E7015C01C4399150028CB88 /* Release */,
			);
			defaultConfigurationIsVisible = 0;
			defaultConfigurationName = Release;
		};
		5E7015C11C4399150028CB88 /* Build configuration list for PBXNativeTarget "DSCFoldTableViewDemoTests" */ = {
			isa = XCConfigurationList;
			buildConfigurations = (
				5E7015C21C4399150028CB88 /* Debug */,
				5E7015C31C4399150028CB88 /* Release */,
			);
			defaultConfigurationIsVisible = 0;
			defaultConfigurationName = Release;
		};
		5E7015C41C4399150028CB88 /* Build configuration list for PBXNativeTarget "DSCFoldTableViewDemoUITests" */ = {
			isa = XCConfigurationList;
			buildConfigurations = (
				5E7015C51C4399150028CB88 /* Debug */,
				5E7015C61C4399150028CB88 /* Release */,
			);
			defaultConfigurationIsVisible = 0;
			defaultConfigurationName = Release;
		};
/* End XCConfigurationList section */
	};
	rootObject = 5E7015891C4399140028CB88 /* Project object */;
}
